
Microsoft Visual Studio Solution File, Format Version 12.00
# Visual Studio Version 16
VisualStudioVersion = 16.0.33328.57
MinimumVisualStudioVersion = 10.0.40219.1
Project("{FAE04EC0-301F-11D3-BF4B-00C04F79EFBC}") = "Method", "Method\Method.csproj", "{EC45FB0D-EA06-4A84-9898-FB6824413BB9}"
EndProject
Project("{FAE04EC0-301F-11D3-BF4B-00C04F79EFBC}") = "test1", "test1\test1.csproj", "{9CD4ADEC-522D-47F1-BDFA-56D5F77AA22B}"
EndProject
Project("{FAE04EC0-301F-11D3-BF4B-00C04F79EFBC}") = "Return", "Return\Return.csproj", "{8B5B8CC0-B19A-4EA7-809D-9FED36F5CA51}"
EndProject
Project("{FAE04EC0-301F-11D3-BF4B-00C04F79EFBC}") = "SwapByValue", "SwapByValue\SwapByValue.csproj", "{02B65AF0-1AFF-4659-A469-104EFA963F88}"
EndProject
Project("{FAE04EC0-301F-11D3-BF4B-00C04F79EFBC}") = "SwapByRef", "SwapByRef\SwapByRef.csproj", "{129D3874-70A5-49AF-A416-2208543C1777}"
EndProject
Project("{FAE04EC0-301F-11D3-BF4B-00C04F79EFBC}") = "RefReturn", "RefReturn\RefReturn.csproj", "{A53475CD-412C-42D2-8F37-411508DA9660}"
EndProject
Project("{FAE04EC0-301F-11D3-BF4B-00C04F79EFBC}") = "UsingOut", "UsingOut\UsingOut.csproj", "{101F7573-119E-44C2-B785-30CD2178D939}"
EndProject
Project("{FAE04EC0-301F-11D3-BF4B-00C04F79EFBC}") = "Overloading", "Overloading\Overloading.csproj", "{7DD3D7BD-E1A0-4430-B03A-812A745FC539}"
EndProject
Project("{FAE04EC0-301F-11D3-BF4B-00C04F79EFBC}") = "UsingParams", "UsingParams\UsingParams.csproj", "{6B27B613-1832-4CF8-9599-E81CE8890883}"
EndProject
Project("{FAE04EC0-301F-11D3-BF4B-00C04F79EFBC}") = "OptionalParameter", "OptionalParameter\OptionalParameter.csproj", "{84EEFC9C-61B5-4AE7-A68C-C725C18EF933}"
EndProject
Project("{FAE04EC0-301F-11D3-BF4B-00C04F79EFBC}") = "LocalFunction", "LocalFunction\LocalFunction.csproj", "{953A2934-B748-418D-AE53-F1B03E11AE37}"
EndProject
Global
	GlobalSection(SolutionConfigurationPlatforms) = preSolution
		Debug|Any CPU = Debug|Any CPU
		Release|Any CPU = Release|Any CPU
	EndGlobalSection
	GlobalSection(ProjectConfigurationPlatforms) = postSolution
		{EC45FB0D-EA06-4A84-9898-FB6824413BB9}.Debug|Any CPU.ActiveCfg = Debug|Any CPU
		{EC45FB0D-EA06-4A84-9898-FB6824413BB9}.Debug|Any CPU.Build.0 = Debug|Any CPU
		{EC45FB0D-EA06-4A84-9898-FB6824413BB9}.Release|Any CPU.ActiveCfg = Release|Any CPU
		{EC45FB0D-EA06-4A84-9898-FB6824413BB9}.Release|Any CPU.Build.0 = Release|Any CPU
		{9CD4ADEC-522D-47F1-BDFA-56D5F77AA22B}.Debug|Any CPU.ActiveCfg = Debug|Any CPU
		{9CD4ADEC-522D-47F1-BDFA-56D5F77AA22B}.Debug|Any CPU.Build.0 = Debug|Any CPU
		{9CD4ADEC-522D-47F1-BDFA-56D5F77AA22B}.Release|Any CPU.ActiveCfg = Release|Any CPU
		{9CD4ADEC-522D-47F1-BDFA-56D5F77AA22B}.Release|Any CPU.Build.0 = Release|Any CPU
		{8B5B8CC0-B19A-4EA7-809D-9FED36F5CA51}.Debug|Any CPU.ActiveCfg = Debug|Any CPU
		{8B5B8CC0-B19A-4EA7-809D-9FED36F5CA51}.Debug|Any CPU.Build.0 = Debug|Any CPU
		{8B5B8CC0-B19A-4EA7-809D-9FED36F5CA51}.Release|Any CPU.ActiveCfg = Release|Any CPU
		{8B5B8CC0-B19A-4EA7-809D-9FED36F5CA51}.Release|Any CPU.Build.0 = Release|Any CPU
		{02B65AF0-1AFF-4659-A469-104EFA963F88}.Debug|Any CPU.ActiveCfg = Debug|Any CPU
		{02B65AF0-1AFF-4659-A469-104EFA963F88}.Debug|Any CPU.Build.0 = Debug|Any CPU
		{02B65AF0-1AFF-4659-A469-104EFA963F88}.Release|Any CPU.ActiveCfg = Release|Any CPU
		{02B65AF0-1AFF-4659-A469-104EFA963F88}.Release|Any CPU.Build.0 = Release|Any CPU
		{129D3874-70A5-49AF-A416-2208543C1777}.Debug|Any CPU.ActiveCfg = Debug|Any CPU
		{129D3874-70A5-49AF-A416-2208543C1777}.Debug|Any CPU.Build.0 = Debug|Any CPU
		{129D3874-70A5-49AF-A416-2208543C1777}.Release|Any CPU.ActiveCfg = Release|Any CPU
		{129D3874-70A5-49AF-A416-2208543C1777}.Release|Any CPU.Build.0 = Release|Any CPU
		{A53475CD-412C-42D2-8F37-411508DA9660}.Debug|Any CPU.ActiveCfg = Debug|Any CPU
		{A53475CD-412C-42D2-8F37-411508DA9660}.Debug|Any CPU.Build.0 = Debug|Any CPU
		{A53475CD-412C-42D2-8F37-411508DA9660}.Release|Any CPU.ActiveCfg = Release|Any CPU
		{A53475CD-412C-42D2-8F37-411508DA9660}.Release|Any CPU.Build.0 = Release|Any CPU
		{101F7573-119E-44C2-B785-30CD2178D939}.Debug|Any CPU.ActiveCfg = Debug|Any CPU
		{101F7573-119E-44C2-B785-30CD2178D939}.Debug|Any CPU.Build.0 = Debug|Any CPU
		{101F7573-119E-44C2-B785-30CD2178D939}.Release|Any CPU.ActiveCfg = Release|Any CPU
		{101F7573-119E-44C2-B785-30CD2178D939}.Release|Any CPU.Build.0 = Release|Any CPU
		{7DD3D7BD-E1A0-4430-B03A-812A745FC539}.Debug|Any CPU.ActiveCfg = Debug|Any CPU
		{7DD3D7BD-E1A0-4430-B03A-812A745FC539}.Debug|Any CPU.Build.0 = Debug|Any CPU
		{7DD3D7BD-E1A0-4430-B03A-812A745FC539}.Release|Any CPU.ActiveCfg = Release|Any CPU
		{7DD3D7BD-E1A0-4430-B03A-812A745FC539}.Release|Any CPU.Build.0 = Release|Any CPU
		{6B27B613-1832-4CF8-9599-E81CE8890883}.Debug|Any CPU.ActiveCfg = Debug|Any CPU
		{6B27B613-1832-4CF8-9599-E81CE8890883}.Debug|Any CPU.Build.0 = Debug|Any CPU
		{6B27B613-1832-4CF8-9599-E81CE8890883}.Release|Any CPU.ActiveCfg = Release|Any CPU
		{6B27B613-1832-4CF8-9599-E81CE8890883}.Release|Any CPU.Build.0 = Release|Any CPU
		{84EEFC9C-61B5-4AE7-A68C-C725C18EF933}.Debug|Any CPU.ActiveCfg = Debug|Any CPU
		{84EEFC9C-61B5-4AE7-A68C-C725C18EF933}.Debug|Any CPU.Build.0 = Debug|Any CPU
		{84EEFC9C-61B5-4AE7-A68C-C725C18EF933}.Release|Any CPU.ActiveCfg = Release|Any CPU
		{84EEFC9C-61B5-4AE7-A68C-C725C18EF933}.Release|Any CPU.Build.0 = Release|Any CPU
		{953A2934-B748-418D-AE53-F1B03E11AE37}.Debug|Any CPU.ActiveCfg = Debug|Any CPU
		{953A2934-B748-418D-AE53-F1B03E11AE37}.Debug|Any CPU.Build.0 = Debug|Any CPU
		{953A2934-B748-418D-AE53-F1B03E11AE37}.Release|Any CPU.ActiveCfg = Release|Any CPU
		{953A2934-B748-418D-AE53-F1B03E11AE37}.Release|Any CPU.Build.0 = Release|Any CPU
	EndGlobalSection
	GlobalSection(SolutionProperties) = preSolution
		HideSolutionNode = FALSE
	EndGlobalSection
	GlobalSection(ExtensibilityGlobals) = postSolution
		SolutionGuid = {DA91ABD7-BE00-458C-9E3D-E6D415C98099}
	EndGlobalSection
EndGlobal
