
Microsoft Visual Studio Solution File, Format Version 12.00
# Visual Studio Version 16
VisualStudioVersion = 16.0.33328.57
MinimumVisualStudioVersion = 10.0.40219.1
Project("{FAE04EC0-301F-11D3-BF4B-00C04F79EFBC}") = "Method", "Method\Method.csproj", "{EC45FB0D-EA06-4A84-9898-FB6824413BB9}"
EndProject
Global
	GlobalSection(SolutionConfigurationPlatforms) = preSolution
		Debug|Any CPU = Debug|Any CPU
		Release|Any CPU = Release|Any CPU
	EndGlobalSection
	GlobalSection(ProjectConfigurationPlatforms) = postSolution
		{EC45FB0D-EA06-4A84-9898-FB6824413BB9}.Debug|Any CPU.ActiveCfg = Debug|Any CPU
		{EC45FB0D-EA06-4A84-9898-FB6824413BB9}.Debug|Any CPU.Build.0 = Debug|Any CPU
		{EC45FB0D-EA06-4A84-9898-FB6824413BB9}.Release|Any CPU.ActiveCfg = Release|Any CPU
		{EC45FB0D-EA06-4A84-9898-FB6824413BB9}.Release|Any CPU.Build.0 = Release|Any CPU
	EndGlobalSection
	GlobalSection(SolutionProperties) = preSolution
		HideSolutionNode = FALSE
	EndGlobalSection
	GlobalSection(ExtensibilityGlobals) = postSolution
		SolutionGuid = {DA91ABD7-BE00-458C-9E3D-E6D415C98099}
	EndGlobalSection
EndGlobal
